# THIS IS AN AUTOGENERATED FILE. DO NOT EDIT THIS FILE DIRECTLY.
# yarn lockfile v1


"@vant/weapp@^1.1.0":
  version "1.1.0"
  resolved "https://registry.yarnpkg.com/@vant/weapp/-/weapp-1.1.0.tgz#8f4cc3614af516df6f5bc847dc85c946b5389f85"
  integrity sha512-OfYxGo96Ui9a5YfTBtTY3+Ox0PHpzQ+BprvcT0Rbe9rhiaiunIEcmo+cZ1280ES74Y9dnsGf10IjnX5D8Z6sww==
